
Microsoft Visual Studio Solution File, Format Version 12.00
# Visual Studio 15
VisualStudioVersion = 15.0.28010.2026
MinimumVisualStudioVersion = 10.0.40219.1
Project("{FAE04EC0-301F-11D3-BF4B-00C04F79EFBC}") = "Market", "Market\Market.csproj", "{B4F8EF52-49FF-43FF-9FB9-433B644E12ED}"
EndProject
Global
	GlobalSection(SolutionConfigurationPlatforms) = preSolution
		Debug|Any CPU = Debug|Any CPU
		Release|Any CPU = Release|Any CPU
	EndGlobalSection
	GlobalSection(ProjectConfigurationPlatforms) = postSolution
		{B4F8EF52-49FF-43FF-9FB9-433B644E12ED}.Debug|Any CPU.ActiveCfg = Debug|Any CPU
		{B4F8EF52-49FF-43FF-9FB9-433B644E12ED}.Debug|Any CPU.Build.0 = Debug|Any CPU
		{B4F8EF52-49FF-43FF-9FB9-433B644E12ED}.Release|Any CPU.ActiveCfg = Release|Any CPU
		{B4F8EF52-49FF-43FF-9FB9-433B644E12ED}.Release|Any CPU.Build.0 = Release|Any CPU
	EndGlobalSection
	GlobalSection(SolutionProperties) = preSolution
		HideSolutionNode = FALSE
	EndGlobalSection
	GlobalSection(ExtensibilityGlobals) = postSolution
		SolutionGuid = {6610721D-D918-4B17-B8AD-D9A162DD76C3}
	EndGlobalSection
EndGlobal
